// !$*UTF8*$!
{
	archiveVersion = 1;
	classes = {
	};
	objectVersion = 56;
	objects = {

/* Begin PBXBuildFile section */
		350454182C05905D00E0164F /* BarData.swift in Sources */ = {isa = PBXBuildFile; fileRef = 350454172C05905D00E0164F /* BarData.swift */; };
		3537F0F32BEC853B0049EA77 /* Bar_AppApp.swift in Sources */ = {isa = PBXBuildFile; fileRef = 3537F0F22BEC853B0049EA77 /* Bar_AppApp.swift */; };
		3537F0F52BEC853B0049EA77 /* ContentView.swift in Sources */ = {isa = PBXBuildFile; fileRef = 3537F0F42BEC853B0049EA77 /* ContentView.swift */; };
		3537F0F72BEC853E0049EA77 /* Assets.xcassets in Resources */ = {isa = PBXBuildFile; fileRef = 3537F0F62BEC853E0049EA77 /* Assets.xcassets */; };
		3537F0FA2BEC853E0049EA77 /* Preview Assets.xcassets in Resources */ = {isa = PBXBuildFile; fileRef = 3537F0F92BEC853E0049EA77 /* Preview Assets.xcassets */; };
		3537F1012BED94DF0049EA77 /* BarModel.swift in Sources */ = {isa = PBXBuildFile; fileRef = 3537F1002BED94DF0049EA77 /* BarModel.swift */; };
		3537F1032BF197310049EA77 /* AddDrinksView.swift in Sources */ = {isa = PBXBuildFile; fileRef = 3537F1022BF197310049EA77 /* AddDrinksView.swift */; };
		35DC3F472C0ECAA0008D2DD4 /* BarOwnerMenu.swift in Sources */ = {isa = PBXBuildFile; fileRef = 35DC3F462C0ECAA0008D2DD4 /* BarOwnerMenu.swift */; };
		35F6CE862C0BC75B00E1A1FC /* storesData.swift in Sources */ = {isa = PBXBuildFile; fileRef = 35F6CE852C0BC75B00E1A1FC /* storesData.swift */; };
		35F6CE882C0EA55700E1A1FC /* BarOwnerBarFind.swift in Sources */ = {isa = PBXBuildFile; fileRef = 35F6CE872C0EA55700E1A1FC /* BarOwnerBarFind.swift */; };
/* End PBXBuildFile section */

/* Begin PBXFileReference section */
		350454172C05905D00E0164F /* BarData.swift */ = {isa = PBXFileReference; lastKnownFileType = sourcecode.swift; path = BarData.swift; sourceTree = "<group>"; };
		3537F0EF2BEC853B0049EA77 /* Bar App.app */ = {isa = PBXFileReference; explicitFileType = wrapper.application; includeInIndex = 0; path = "Bar App.app"; sourceTree = BUILT_PRODUCTS_DIR; };
		3537F0F22BEC853B0049EA77 /* Bar_AppApp.swift */ = {isa = PBXFileReference; lastKnownFileType = sourcecode.swift; path = Bar_AppApp.swift; sourceTree = "<group>"; };
		3537F0F42BEC853B0049EA77 /* ContentView.swift */ = {isa = PBXFileReference; lastKnownFileType = sourcecode.swift; path = ContentView.swift; sourceTree = "<group>"; };
		3537F0F62BEC853E0049EA77 /* Assets.xcassets */ = {isa = PBXFileReference; lastKnownFileType = folder.assetcatalog; path = Assets.xcassets; sourceTree = "<group>"; };
		3537F0F92BEC853E0049EA77 /* Preview Assets.xcassets */ = {isa = PBXFileReference; lastKnownFileType = folder.assetcatalog; path = "Preview Assets.xcassets"; sourceTree = "<group>"; };
		3537F1002BED94DF0049EA77 /* BarModel.swift */ = {isa = PBXFileReference; lastKnownFileType = sourcecode.swift; path = BarModel.swift; sourceTree = "<group>"; };
		3537F1022BF197310049EA77 /* AddDrinksView.swift */ = {isa = PBXFileReference; lastKnownFileType = sourcecode.swift; path = AddDrinksView.swift; sourceTree = "<group>"; };
		35DC3F462C0ECAA0008D2DD4 /* BarOwnerMenu.swift */ = {isa = PBXFileReference; lastKnownFileType = sourcecode.swift; path = BarOwnerMenu.swift; sourceTree = "<group>"; };
		35F6CE852C0BC75B00E1A1FC /* storesData.swift */ = {isa = PBXFileReference; lastKnownFileType = sourcecode.swift; path = storesData.swift; sourceTree = "<group>"; };
		35F6CE872C0EA55700E1A1FC /* BarOwnerBarFind.swift */ = {isa = PBXFileReference; lastKnownFileType = sourcecode.swift; path = BarOwnerBarFind.swift; sourceTree = "<group>"; };
/* End PBXFileReference section */

/* Begin PBXFrameworksBuildPhase section */
		3537F0EC2BEC853B0049EA77 /* Frameworks */ = {
			isa = PBXFrameworksBuildPhase;
			buildActionMask = 2147483647;
			files = (
			);
			runOnlyForDeploymentPostprocessing = 0;
		};
/* End PBXFrameworksBuildPhase section */

/* Begin PBXGroup section */
		3537F0E62BEC853B0049EA77 = {
			isa = PBXGroup;
			children = (
				35DC3F462C0ECAA0008D2DD4 /* BarOwnerMenu.swift */,
				35F6CE872C0EA55700E1A1FC /* BarOwnerBarFind.swift */,
				35F6CE852C0BC75B00E1A1FC /* storesData.swift */,
				350454172C05905D00E0164F /* BarData.swift */,
				3537F0F12BEC853B0049EA77 /* Bar App */,
				3537F0F02BEC853B0049EA77 /* Products */,
			);
			sourceTree = "<group>";
		};
		3537F0F02BEC853B0049EA77 /* Products */ = {
			isa = PBXGroup;
			children = (
				3537F0EF2BEC853B0049EA77 /* Bar App.app */,
			);
			name = Products;
			sourceTree = "<group>";
		};
		3537F0F12BEC853B0049EA77 /* Bar App */ = {
			isa = PBXGroup;
			children = (
				3537F0F22BEC853B0049EA77 /* Bar_AppApp.swift */,
				3537F0F42BEC853B0049EA77 /* ContentView.swift */,
				3537F1022BF197310049EA77 /* AddDrinksView.swift */,
				3537F1002BED94DF0049EA77 /* BarModel.swift */,
				3537F0F62BEC853E0049EA77 /* Assets.xcassets */,
				3537F0F82BEC853E0049EA77 /* Preview Content */,
			);
			path = "Bar App";
			sourceTree = "<group>";
		};
		3537F0F82BEC853E0049EA77 /* Preview Content */ = {
			isa = PBXGroup;
			children = (
				3537F0F92BEC853E0049EA77 /* Preview Assets.xcassets */,
			);
			path = "Preview Content";
			sourceTree = "<group>";
		};
/* End PBXGroup section */

/* Begin PBXNativeTarget section */
		3537F0EE2BEC853B0049EA77 /* Bar App */ = {
			isa = PBXNativeTarget;
			buildConfigurationList = 3537F0FD2BEC853E0049EA77 /* Build configuration list for PBXNativeTarget "Bar App" */;
			buildPhases = (
				3537F0EB2BEC853B0049EA77 /* Sources */,
				3537F0EC2BEC853B0049EA77 /* Frameworks */,
				3537F0ED2BEC853B0049EA77 /* Resources */,
			);
			buildRules = (
			);
			dependencies = (
			);
			name = "Bar App";
			productName = "Bar App";
			productReference = 3537F0EF2BEC853B0049EA77 /* Bar App.app */;
			productType = "com.apple.product-type.application";
		};
/* End PBXNativeTarget section */

/* Begin PBXProject section */
		3537F0E72BEC853B0049EA77 /* Project object */ = {
			isa = PBXProject;
			attributes = {
				BuildIndependentTargetsInParallel = 1;
				LastSwiftUpdateCheck = 1530;
				LastUpgradeCheck = 1530;
				TargetAttributes = {
					3537F0EE2BEC853B0049EA77 = {
						CreatedOnToolsVersion = 15.3;
					};
				};
			};
			buildConfigurationList = 3537F0EA2BEC853B0049EA77 /* Build configuration list for PBXProject "Bar App" */;
			compatibilityVersion = "Xcode 14.0";
			developmentRegion = en;
			hasScannedForEncodings = 0;
			knownRegions = (
				en,
				Base,
			);
			mainGroup = 3537F0E62BEC853B0049EA77;
			productRefGroup = 3537F0F02BEC853B0049EA77 /* Products */;
			projectDirPath = "";
			projectRoot = "";
			targets = (
				3537F0EE2BEC853B0049EA77 /* Bar App */,
			);
		};
/* End PBXProject section */

/* Begin PBXResourcesBuildPhase section */
		3537F0ED2BEC853B0049EA77 /* Resources */ = {
			isa = PBXResourcesBuildPhase;
			buildActionMask = 2147483647;
			files = (
				3537F0FA2BEC853E0049EA77 /* Preview Assets.xcassets in Resources */,
				3537F0F72BEC853E0049EA77 /* Assets.xcassets in Resources */,
			);
			runOnlyForDeploymentPostprocessing = 0;
		};
/* End PBXResourcesBuildPhase section */

/* Begin PBXSourcesBuildPhase section */
		3537F0EB2BEC853B0049EA77 /* Sources */ = {
			isa = PBXSourcesBuildPhase;
			buildActionMask = 2147483647;
			files = (
				350454182C05905D00E0164F /* BarData.swift in Sources */,
				3537F1012BED94DF0049EA77 /* BarModel.swift in Sources */,
				35DC3F472C0ECAA0008D2DD4 /* BarOwnerMenu.swift in Sources */,
				35F6CE882C0EA55700E1A1FC /* BarOwnerBarFind.swift in Sources */,
				3537F1032BF197310049EA77 /* AddDrinksView.swift in Sources */,
				3537F0F52BEC853B0049EA77 /* ContentView.swift in Sources */,
				3537F0F32BEC853B0049EA77 /* Bar_AppApp.swift in Sources */,
				35F6CE862C0BC75B00E1A1FC /* storesData.swift in Sources */,
			);
			runOnlyForDeploymentPostprocessing = 0;
		};
/* End PBXSourcesBuildPhase section */

/* Begin XCBuildConfiguration section */
		3537F0FB2BEC853E0049EA77 /* Debug */ = {
			isa = XCBuildConfiguration;
			buildSettings = {
				ALWAYS_SEARCH_USER_PATHS = NO;
				ASSETCATALOG_COMPILER_GENERATE_SWIFT_ASSET_SYMBOL_EXTENSIONS = YES;
				CLANG_ANALYZER_NONNULL = YES;
				CLANG_ANALYZER_NUMBER_OBJECT_CONVERSION = YES_AGGRESSIVE;
				CLANG_CXX_LANGUAGE_STANDARD = "gnu++20";
				CLANG_ENABLE_MODULES = YES;
				CLANG_ENABLE_OBJC_ARC = YES;
				CLANG_ENABLE_OBJC_WEAK = YES;
				CLANG_WARN_BLOCK_CAPTURE_AUTORELEASING = YES;
				CLANG_WARN_BOOL_CONVERSION = YES;
				CLANG_WARN_COMMA = YES;
				CLANG_WARN_CONSTANT_CONVERSION = YES;
				CLANG_WARN_DEPRECATED_OBJC_IMPLEMENTATIONS = YES;
				CLANG_WARN_DIRECT_OBJC_ISA_USAGE = YES_ERROR;
				CLANG_WARN_DOCUMENTATION_COMMENTS = YES;
				CLANG_WARN_EMPTY_BODY = YES;
				CLANG_WARN_ENUM_CONVERSION = YES;
				CLANG_WARN_INFINITE_RECURSION = YES;
				CLANG_WARN_INT_CONVERSION = YES;
				CLANG_WARN_NON_LITERAL_NULL_CONVERSION = YES;
				CLANG_WARN_OBJC_IMPLICIT_RETAIN_SELF = YES;
				CLANG_WARN_OBJC_LITERAL_CONVERSION = YES;
				CLANG_WARN_OBJC_ROOT_CLASS = YES_ERROR;
				CLANG_WARN_QUOTED_INCLUDE_IN_FRAMEWORK_HEADER = YES;
				CLANG_WARN_RANGE_LOOP_ANALYSIS = YES;
				CLANG_WARN_STRICT_PROTOTYPES = YES;
				CLANG_WARN_SUSPICIOUS_MOVE = YES;
				CLANG_WARN_UNGUARDED_AVAILABILITY = YES_AGGRESSIVE;
				CLANG_WARN_UNREACHABLE_CODE = YES;
				CLANG_WARN__DUPLICATE_METHOD_MATCH = YES;
				COPY_PHASE_STRIP = NO;
				DEBUG_INFORMATION_FORMAT = dwarf;
				ENABLE_STRICT_OBJC_MSGSEND = YES;
				ENABLE_TESTABILITY = YES;
				ENABLE_USER_SCRIPT_SANDBOXING = YES;
				GCC_C_LANGUAGE_STANDARD = gnu17;
				GCC_DYNAMIC_NO_PIC = NO;
				GCC_NO_COMMON_BLOCKS = YES;
				GCC_OPTIMIZATION_LEVEL = 0;
				GCC_PREPROCESSOR_DEFINITIONS = (
					"DEBUG=1",
					"$(inherited)",
				);
				GCC_WARN_64_TO_32_BIT_CONVERSION = YES;
				GCC_WARN_ABOUT_RETURN_TYPE = YES_ERROR;
				GCC_WARN_UNDECLARED_SELECTOR = YES;
				GCC_WARN_UNINITIALIZED_AUTOS = YES_AGGRESSIVE;
				GCC_WARN_UNUSED_FUNCTION = YES;
				GCC_WARN_UNUSED_VARIABLE = YES;
				IPHONEOS_DEPLOYMENT_TARGET = 17.4;
				LOCALIZATION_PREFERS_STRING_CATALOGS = YES;
				MTL_ENABLE_DEBUG_INFO = INCLUDE_SOURCE;
				MTL_FAST_MATH = YES;
				ONLY_ACTIVE_ARCH = YES;
				SDKROOT = iphoneos;
				SWIFT_ACTIVE_COMPILATION_CONDITIONS = "DEBUG $(inherited)";
				SWIFT_OPTIMIZATION_LEVEL = "-Onone";
			};
			name = Debug;
		};
		3537F0FC2BEC853E0049EA77 /* Release */ = {
			isa = XCBuildConfiguration;
			buildSettings = {
				ALWAYS_SEARCH_USER_PATHS = NO;
				ASSETCATALOG_COMPILER_GENERATE_SWIFT_ASSET_SYMBOL_EXTENSIONS = YES;
				CLANG_ANALYZER_NONNULL = YES;
				CLANG_ANALYZER_NUMBER_OBJECT_CONVERSION = YES_AGGRESSIVE;
				CLANG_CXX_LANGUAGE_STANDARD = "gnu++20";
				CLANG_ENABLE_MODULES = YES;
				CLANG_ENABLE_OBJC_ARC = YES;
				CLANG_ENABLE_OBJC_WEAK = YES;
				CLANG_WARN_BLOCK_CAPTURE_AUTORELEASING = YES;
				CLANG_WARN_BOOL_CONVERSION = YES;
				CLANG_WARN_COMMA = YES;
				CLANG_WARN_CONSTANT_CONVERSION = YES;
				CLANG_WARN_DEPRECATED_OBJC_IMPLEMENTATIONS = YES;
				CLANG_WARN_DIRECT_OBJC_ISA_USAGE = YES_ERROR;
				CLANG_WARN_DOCUMENTATION_COMMENTS = YES;
				CLANG_WARN_EMPTY_BODY = YES;
				CLANG_WARN_ENUM_CONVERSION = YES;
				CLANG_WARN_INFINITE_RECURSION = YES;
				CLANG_WARN_INT_CONVERSION = YES;
				CLANG_WARN_NON_LITERAL_NULL_CONVERSION = YES;
				CLANG_WARN_OBJC_IMPLICIT_RETAIN_SELF = YES;
				CLANG_WARN_OBJC_LITERAL_CONVERSION = YES;
				CLANG_WARN_OBJC_ROOT_CLASS = YES_ERROR;
				CLANG_WARN_QUOTED_INCLUDE_IN_FRAMEWORK_HEADER = YES;
				CLANG_WARN_RANGE_LOOP_ANALYSIS = YES;
				CLANG_WARN_STRICT_PROTOTYPES = YES;
				CLANG_WARN_SUSPICIOUS_MOVE = YES;
				CLANG_WARN_UNGUARDED_AVAILABILITY = YES_AGGRESSIVE;
				CLANG_WARN_UNREACHABLE_CODE = YES;
				CLANG_WARN__DUPLICATE_METHOD_MATCH = YES;
				COPY_PHASE_STRIP = NO;
				DEBUG_INFORMATION_FORMAT = "dwarf-with-dsym";
				ENABLE_NS_ASSERTIONS = NO;
				ENABLE_STRICT_OBJC_MSGSEND = YES;
				ENABLE_USER_SCRIPT_SANDBOXING = YES;
				GCC_C_LANGUAGE_STANDARD = gnu17;
				GCC_NO_COMMON_BLOCKS = YES;
				GCC_WARN_64_TO_32_BIT_CONVERSION = YES;
				GCC_WARN_ABOUT_RETURN_TYPE = YES_ERROR;
				GCC_WARN_UNDECLARED_SELECTOR = YES;
				GCC_WARN_UNINITIALIZED_AUTOS = YES_AGGRESSIVE;
				GCC_WARN_UNUSED_FUNCTION = YES;
				GCC_WARN_UNUSED_VARIABLE = YES;
				IPHONEOS_DEPLOYMENT_TARGET = 17.4;
				LOCALIZATION_PREFERS_STRING_CATALOGS = YES;
				MTL_ENABLE_DEBUG_INFO = NO;
				MTL_FAST_MATH = YES;
				SDKROOT = iphoneos;
				SWIFT_COMPILATION_MODE = wholemodule;
				VALIDATE_PRODUCT = YES;
			};
			name = Release;
		};
		3537F0FE2BEC853E0049EA77 /* Debug */ = {
			isa = XCBuildConfiguration;
			buildSettings = {
				ASSETCATALOG_COMPILER_APPICON_NAME = AppIcon;
				ASSETCATALOG_COMPILER_GLOBAL_ACCENT_COLOR_NAME = AccentColor;
				CODE_SIGN_STYLE = Automatic;
				CURRENT_PROJECT_VERSION = 1;
				DEVELOPMENT_ASSET_PATHS = "\"Bar App/Preview Content\"";
				ENABLE_PREVIEWS = YES;
				GENERATE_INFOPLIST_FILE = YES;
				INFOPLIST_KEY_UIApplicationSceneManifest_Generation = YES;
				INFOPLIST_KEY_UIApplicationSupportsIndirectInputEvents = YES;
				INFOPLIST_KEY_UILaunchScreen_Generation = YES;
				INFOPLIST_KEY_UISupportedInterfaceOrientations_iPad = "UIInterfaceOrientationPortrait UIInterfaceOrientationPortraitUpsideDown UIInterfaceOrientationLandscapeLeft UIInterfaceOrientationLandscapeRight";
				INFOPLIST_KEY_UISupportedInterfaceOrientations_iPhone = "UIInterfaceOrientationPortrait UIInterfaceOrientationLandscapeLeft UIInterfaceOrientationLandscapeRight";
				LD_RUNPATH_SEARCH_PATHS = (
					"$(inherited)",
					"@executable_path/Frameworks",
				);
				MARKETING_VERSION = 1.0;
				PRODUCT_BUNDLE_IDENTIFIER = "com.raj.Bar-App";
				PRODUCT_NAME = "$(TARGET_NAME)";
				SWIFT_EMIT_LOC_STRINGS = YES;
				SWIFT_VERSION = 5.0;
				TARGETED_DEVICE_FAMILY = "1,2";
			};
			name = Debug;
		};
		3537F0FF2BEC853E0049EA77 /* Release */ = {
			isa = XCBuildConfiguration;
			buildSettings = {
				ASSETCATALOG_COMPILER_APPICON_NAME = AppIcon;
				ASSETCATALOG_COMPILER_GLOBAL_ACCENT_COLOR_NAME = AccentColor;
				CODE_SIGN_STYLE = Automatic;
				CURRENT_PROJECT_VERSION = 1;
				DEVELOPMENT_ASSET_PATHS = "\"Bar App/Preview Content\"";
				ENABLE_PREVIEWS = YES;
				GENERATE_INFOPLIST_FILE = YES;
				INFOPLIST_KEY_UIApplicationSceneManifest_Generation = YES;
				INFOPLIST_KEY_UIApplicationSupportsIndirectInputEvents = YES;
				INFOPLIST_KEY_UILaunchScreen_Generation = YES;
				INFOPLIST_KEY_UISupportedInterfaceOrientations_iPad = "UIInterfaceOrientationPortrait UIInterfaceOrientationPortraitUpsideDown UIInterfaceOrientationLandscapeLeft UIInterfaceOrientationLandscapeRight";
				INFOPLIST_KEY_UISupportedInterfaceOrientations_iPhone = "UIInterfaceOrientationPortrait UIInterfaceOrientationLandscapeLeft UIInterfaceOrientationLandscapeRight";
				LD_RUNPATH_SEARCH_PATHS = (
					"$(inherited)",
					"@executable_path/Frameworks",
				);
				MARKETING_VERSION = 1.0;
				PRODUCT_BUNDLE_IDENTIFIER = "com.raj.Bar-App";
				PRODUCT_NAME = "$(TARGET_NAME)";
				SWIFT_EMIT_LOC_STRINGS = YES;
				SWIFT_VERSION = 5.0;
				TARGETED_DEVICE_FAMILY = "1,2";
			};
			name = Release;
		};
/* End XCBuildConfiguration section */

/* Begin XCConfigurationList section */
		3537F0EA2BEC853B0049EA77 /* Build configuration list for PBXProject "Bar App" */ = {
			isa = XCConfigurationList;
			buildConfigurations = (
				3537F0FB2BEC853E0049EA77 /* Debug */,
				3537F0FC2BEC853E0049EA77 /* Release */,
			);
			defaultConfigurationIsVisible = 0;
			defaultConfigurationName = Release;
		};
		3537F0FD2BEC853E0049EA77 /* Build configuration list for PBXNativeTarget "Bar App" */ = {
			isa = XCConfigurationList;
			buildConfigurations = (
				3537F0FE2BEC853E0049EA77 /* Debug */,
				3537F0FF2BEC853E0049EA77 /* Release */,
			);
			defaultConfigurationIsVisible = 0;
			defaultConfigurationName = Release;
		};
/* End XCConfigurationList section */
	};
	rootObject = 3537F0E72BEC853B0049EA77 /* Project object */;
}
